// !$*UTF8*$!
{
	archiveVersion = 1;
	classes = {
	};
	objectVersion = 56;
	objects = {

/* Begin PBXBuildFile section */
		4E5D6D5829E2E9E100AEAE2B /* AppDelegate.swift in Sources */ = {isa = PBXBuildFile; fileRef = 4E5D6D5729E2E9E100AEAE2B /* AppDelegate.swift */; };
		4E5D6D5D29E2E9E100AEAE2B /* whisperBot.xcdatamodeld in Sources */ = {isa = PBXBuildFile; fileRef = 4E5D6D5B29E2E9E100AEAE2B /* whisperBot.xcdatamodeld */; };
		4E5D6D5F29E2E9E400AEAE2B /* Assets.xcassets in Resources */ = {isa = PBXBuildFile; fileRef = 4E5D6D5E29E2E9E400AEAE2B /* Assets.xcassets */; };
		4E5D6D6229E2E9E400AEAE2B /* Main.storyboard in Resources */ = {isa = PBXBuildFile; fileRef = 4E5D6D6029E2E9E400AEAE2B /* Main.storyboard */; };
		4E5D6D6D29E2E9E400AEAE2B /* whisperBotTests.swift in Sources */ = {isa = PBXBuildFile; fileRef = 4E5D6D6C29E2E9E400AEAE2B /* whisperBotTests.swift */; };
		4E5D6D7729E2E9E400AEAE2B /* whisperBotUITests.swift in Sources */ = {isa = PBXBuildFile; fileRef = 4E5D6D7629E2E9E400AEAE2B /* whisperBotUITests.swift */; };
		4E5D6D7929E2E9E400AEAE2B /* whisperBotUITestsLaunchTests.swift in Sources */ = {isa = PBXBuildFile; fileRef = 4E5D6D7829E2E9E400AEAE2B /* whisperBotUITestsLaunchTests.swift */; };
		4E5D6D8629E2FB6D00AEAE2B /* WhisperAPI.swift in Sources */ = {isa = PBXBuildFile; fileRef = 4E5D6D8529E2FB6D00AEAE2B /* WhisperAPI.swift */; };
		4E5D6D8829E2FBC800AEAE2B /* ChatGPTAPI.swift in Sources */ = {isa = PBXBuildFile; fileRef = 4E5D6D8729E2FBC800AEAE2B /* ChatGPTAPI.swift */; };
		4E5D6D8A29E2FBE300AEAE2B /* TextToSpeech.swift in Sources */ = {isa = PBXBuildFile; fileRef = 4E5D6D8929E2FBE300AEAE2B /* TextToSpeech.swift */; };
		4EB3A9CC29E30E950002CBC7 /* WhisperBotViewController.swift in Sources */ = {isa = PBXBuildFile; fileRef = 4EB3A9CB29E30E950002CBC7 /* WhisperBotViewController.swift */; };
		4EB3A9CF29E3212A0002CBC7 /* ChatCompletion.swift in Sources */ = {isa = PBXBuildFile; fileRef = 4EB3A9CE29E3212A0002CBC7 /* ChatCompletion.swift */; };
		4EB3A9D229E321C90002CBC7 /* APIRequest.swift in Sources */ = {isa = PBXBuildFile; fileRef = 4EB3A9D129E321C90002CBC7 /* APIRequest.swift */; };
		4EB3A9D429E321E10002CBC7 /* APIClient.swift in Sources */ = {isa = PBXBuildFile; fileRef = 4EB3A9D329E321E10002CBC7 /* APIClient.swift */; };
		4EB3A9D629E464D30002CBC7 /* WhisperBotWindowController.swift in Sources */ = {isa = PBXBuildFile; fileRef = 4EB3A9D529E464D30002CBC7 /* WhisperBotWindowController.swift */; };
		4EB3A9D829E47FE70002CBC7 /* WidgetWindow.swift in Sources */ = {isa = PBXBuildFile; fileRef = 4EB3A9D729E47FE70002CBC7 /* WidgetWindow.swift */; };
		52303DE4F29DB936AA06CB87 /* Pods_whisperBotTests.framework in Frameworks */ = {isa = PBXBuildFile; fileRef = 01856B9409ACE987932CF390 /* Pods_whisperBotTests.framework */; };
		9D97097474D691F292B1FFCB /* Pods_whisperBot_whisperBotUITests.framework in Frameworks */ = {isa = PBXBuildFile; fileRef = 61FA7E8F9661835B2462073B /* Pods_whisperBot_whisperBotUITests.framework */; };
		BB3ECB48EF3CEE87EAADFE9E /* Pods_whisperBot.framework in Frameworks */ = {isa = PBXBuildFile; fileRef = C0315A384FCEC1DF39A8F01A /* Pods_whisperBot.framework */; };
/* End PBXBuildFile section */

/* Begin PBXContainerItemProxy section */
		4E5D6D6929E2E9E400AEAE2B /* PBXContainerItemProxy */ = {
			isa = PBXContainerItemProxy;
			containerPortal = 4E5D6D4C29E2E9E100AEAE2B /* Project object */;
			proxyType = 1;
			remoteGlobalIDString = 4E5D6D5329E2E9E100AEAE2B;
			remoteInfo = whisperBot;
		};
		4E5D6D7329E2E9E400AEAE2B /* PBXContainerItemProxy */ = {
			isa = PBXContainerItemProxy;
			containerPortal = 4E5D6D4C29E2E9E100AEAE2B /* Project object */;
			proxyType = 1;
			remoteGlobalIDString = 4E5D6D5329E2E9E100AEAE2B;
			remoteInfo = whisperBot;
		};
/* End PBXContainerItemProxy section */

/* Begin PBXFileReference section */
		01856B9409ACE987932CF390 /* Pods_whisperBotTests.framework */ = {isa = PBXFileReference; explicitFileType = wrapper.framework; includeInIndex = 0; path = Pods_whisperBotTests.framework; sourceTree = BUILT_PRODUCTS_DIR; };
		2D7C2CE61BC0346AFEA576E7 /* Pods-whisperBotTests.debug.xcconfig */ = {isa = PBXFileReference; includeInIndex = 1; lastKnownFileType = text.xcconfig; name = "Pods-whisperBotTests.debug.xcconfig"; path = "Target Support Files/Pods-whisperBotTests/Pods-whisperBotTests.debug.xcconfig"; sourceTree = "<group>"; };
		339EACD290B9BA50AFF8AE73 /* Pods-whisperBot-whisperBotUITests.debug.xcconfig */ = {isa = PBXFileReference; includeInIndex = 1; lastKnownFileType = text.xcconfig; name = "Pods-whisperBot-whisperBotUITests.debug.xcconfig"; path = "Target Support Files/Pods-whisperBot-whisperBotUITests/Pods-whisperBot-whisperBotUITests.debug.xcconfig"; sourceTree = "<group>"; };
		4E5D6D5429E2E9E100AEAE2B /* whisperBot.app */ = {isa = PBXFileReference; explicitFileType = wrapper.application; includeInIndex = 0; path = whisperBot.app; sourceTree = BUILT_PRODUCTS_DIR; };
		4E5D6D5729E2E9E100AEAE2B /* AppDelegate.swift */ = {isa = PBXFileReference; lastKnownFileType = sourcecode.swift; path = AppDelegate.swift; sourceTree = "<group>"; };
		4E5D6D5C29E2E9E100AEAE2B /* whisperBot.xcdatamodel */ = {isa = PBXFileReference; lastKnownFileType = wrapper.xcdatamodel; path = whisperBot.xcdatamodel; sourceTree = "<group>"; };
		4E5D6D5E29E2E9E400AEAE2B /* Assets.xcassets */ = {isa = PBXFileReference; lastKnownFileType = folder.assetcatalog; path = Assets.xcassets; sourceTree = "<group>"; };
		4E5D6D6129E2E9E400AEAE2B /* Base */ = {isa = PBXFileReference; lastKnownFileType = file.storyboard; name = Base; path = Base.lproj/Main.storyboard; sourceTree = "<group>"; };
		4E5D6D6329E2E9E400AEAE2B /* whisperBot.entitlements */ = {isa = PBXFileReference; lastKnownFileType = text.plist.entitlements; path = whisperBot.entitlements; sourceTree = "<group>"; };
		4E5D6D6829E2E9E400AEAE2B /* whisperBotTests.xctest */ = {isa = PBXFileReference; explicitFileType = wrapper.cfbundle; includeInIndex = 0; path = whisperBotTests.xctest; sourceTree = BUILT_PRODUCTS_DIR; };
		4E5D6D6C29E2E9E400AEAE2B /* whisperBotTests.swift */ = {isa = PBXFileReference; lastKnownFileType = sourcecode.swift; path = whisperBotTests.swift; sourceTree = "<group>"; };
		4E5D6D7229E2E9E400AEAE2B /* whisperBotUITests.xctest */ = {isa = PBXFileReference; explicitFileType = wrapper.cfbundle; includeInIndex = 0; path = whisperBotUITests.xctest; sourceTree = BUILT_PRODUCTS_DIR; };
		4E5D6D7629E2E9E400AEAE2B /* whisperBotUITests.swift */ = {isa = PBXFileReference; lastKnownFileType = sourcecode.swift; path = whisperBotUITests.swift; sourceTree = "<group>"; };
		4E5D6D7829E2E9E400AEAE2B /* whisperBotUITestsLaunchTests.swift */ = {isa = PBXFileReference; lastKnownFileType = sourcecode.swift; path = whisperBotUITestsLaunchTests.swift; sourceTree = "<group>"; };
		4E5D6D8529E2FB6D00AEAE2B /* WhisperAPI.swift */ = {isa = PBXFileReference; lastKnownFileType = sourcecode.swift; path = WhisperAPI.swift; sourceTree = "<group>"; };
		4E5D6D8729E2FBC800AEAE2B /* ChatGPTAPI.swift */ = {isa = PBXFileReference; lastKnownFileType = sourcecode.swift; path = ChatGPTAPI.swift; sourceTree = "<group>"; };
		4E5D6D8929E2FBE300AEAE2B /* TextToSpeech.swift */ = {isa = PBXFileReference; lastKnownFileType = sourcecode.swift; path = TextToSpeech.swift; sourceTree = "<group>"; };
		4EB3A9CB29E30E950002CBC7 /* WhisperBotViewController.swift */ = {isa = PBXFileReference; lastKnownFileType = sourcecode.swift; path = WhisperBotViewController.swift; sourceTree = "<group>"; };
		4EB3A9CE29E3212A0002CBC7 /* ChatCompletion.swift */ = {isa = PBXFileReference; lastKnownFileType = sourcecode.swift; path = ChatCompletion.swift; sourceTree = "<group>"; };
		4EB3A9D129E321C90002CBC7 /* APIRequest.swift */ = {isa = PBXFileReference; lastKnownFileType = sourcecode.swift; path = APIRequest.swift; sourceTree = "<group>"; };
		4EB3A9D329E321E10002CBC7 /* APIClient.swift */ = {isa = PBXFileReference; lastKnownFileType = sourcecode.swift; path = APIClient.swift; sourceTree = "<group>"; };
		4EB3A9D529E464D30002CBC7 /* WhisperBotWindowController.swift */ = {isa = PBXFileReference; lastKnownFileType = sourcecode.swift; path = WhisperBotWindowController.swift; sourceTree = "<group>"; };
		4EB3A9D729E47FE70002CBC7 /* WidgetWindow.swift */ = {isa = PBXFileReference; lastKnownFileType = sourcecode.swift; path = WidgetWindow.swift; sourceTree = "<group>"; };
		61FA7E8F9661835B2462073B /* Pods_whisperBot_whisperBotUITests.framework */ = {isa = PBXFileReference; explicitFileType = wrapper.framework; includeInIndex = 0; path = Pods_whisperBot_whisperBotUITests.framework; sourceTree = BUILT_PRODUCTS_DIR; };
		71A5A11D14564E6D74C511C8 /* Pods-whisperBot-whisperBotUITests.release.xcconfig */ = {isa = PBXFileReference; includeInIndex = 1; lastKnownFileType = text.xcconfig; name = "Pods-whisperBot-whisperBotUITests.release.xcconfig"; path = "Target Support Files/Pods-whisperBot-whisperBotUITests/Pods-whisperBot-whisperBotUITests.release.xcconfig"; sourceTree = "<group>"; };
		771EBE7597898210617065FF /* Pods-whisperBot.debug.xcconfig */ = {isa = PBXFileReference; includeInIndex = 1; lastKnownFileType = text.xcconfig; name = "Pods-whisperBot.debug.xcconfig"; path = "Target Support Files/Pods-whisperBot/Pods-whisperBot.debug.xcconfig"; sourceTree = "<group>"; };
		9746F003A429CF3BF3DC3628 /* Pods-whisperBot.release.xcconfig */ = {isa = PBXFileReference; includeInIndex = 1; lastKnownFileType = text.xcconfig; name = "Pods-whisperBot.release.xcconfig"; path = "Target Support Files/Pods-whisperBot/Pods-whisperBot.release.xcconfig"; sourceTree = "<group>"; };
		C0315A384FCEC1DF39A8F01A /* Pods_whisperBot.framework */ = {isa = PBXFileReference; explicitFileType = wrapper.framework; includeInIndex = 0; path = Pods_whisperBot.framework; sourceTree = BUILT_PRODUCTS_DIR; };
		D34DC70C291AD3F123B90693 /* Pods-whisperBotTests.release.xcconfig */ = {isa = PBXFileReference; includeInIndex = 1; lastKnownFileType = text.xcconfig; name = "Pods-whisperBotTests.release.xcconfig"; path = "Target Support Files/Pods-whisperBotTests/Pods-whisperBotTests.release.xcconfig"; sourceTree = "<group>"; };
/* End PBXFileReference section */

/* Begin PBXFrameworksBuildPhase section */
		4E5D6D5129E2E9E100AEAE2B /* Frameworks */ = {
			isa = PBXFrameworksBuildPhase;
			buildActionMask = 2147483647;
			files = (
				BB3ECB48EF3CEE87EAADFE9E /* Pods_whisperBot.framework in Frameworks */,
			);
			runOnlyForDeploymentPostprocessing = 0;
		};
		4E5D6D6529E2E9E400AEAE2B /* Frameworks */ = {
			isa = PBXFrameworksBuildPhase;
			buildActionMask = 2147483647;
			files = (
				52303DE4F29DB936AA06CB87 /* Pods_whisperBotTests.framework in Frameworks */,
			);
			runOnlyForDeploymentPostprocessing = 0;
		};
		4E5D6D6F29E2E9E400AEAE2B /* Frameworks */ = {
			isa = PBXFrameworksBuildPhase;
			buildActionMask = 2147483647;
			files = (
				9D97097474D691F292B1FFCB /* Pods_whisperBot_whisperBotUITests.framework in Frameworks */,
			);
			runOnlyForDeploymentPostprocessing = 0;
		};
/* End PBXFrameworksBuildPhase section */

/* Begin PBXGroup section */
		4E5D6D4B29E2E9E100AEAE2B = {
			isa = PBXGroup;
			children = (
				4E5D6D5629E2E9E100AEAE2B /* whisperBot */,
				4E5D6D6B29E2E9E400AEAE2B /* whisperBotTests */,
				4E5D6D7529E2E9E400AEAE2B /* whisperBotUITests */,
				4E5D6D5529E2E9E100AEAE2B /* Products */,
				D0CD29EBF3A4134F380F57E2 /* Pods */,
				D19B9AF31C9ED0B0B478EFFF /* Frameworks */,
			);
			sourceTree = "<group>";
		};
		4E5D6D5529E2E9E100AEAE2B /* Products */ = {
			isa = PBXGroup;
			children = (
				4E5D6D5429E2E9E100AEAE2B /* whisperBot.app */,
				4E5D6D6829E2E9E400AEAE2B /* whisperBotTests.xctest */,
				4E5D6D7229E2E9E400AEAE2B /* whisperBotUITests.xctest */,
			);
			name = Products;
			sourceTree = "<group>";
		};
		4E5D6D5629E2E9E100AEAE2B /* whisperBot */ = {
			isa = PBXGroup;
			children = (
				4EB3A9D029E321B60002CBC7 /* Utils */,
				4EB3A9CD29E320DB0002CBC7 /* Model */,
				4E5D6D5729E2E9E100AEAE2B /* AppDelegate.swift */,
				4E5D6D5E29E2E9E400AEAE2B /* Assets.xcassets */,
				4E5D6D6029E2E9E400AEAE2B /* Main.storyboard */,
				4E5D6D6329E2E9E400AEAE2B /* whisperBot.entitlements */,
				4E5D6D5B29E2E9E100AEAE2B /* whisperBot.xcdatamodeld */,
				4E5D6D8529E2FB6D00AEAE2B /* WhisperAPI.swift */,
				4E5D6D8729E2FBC800AEAE2B /* ChatGPTAPI.swift */,
				4E5D6D8929E2FBE300AEAE2B /* TextToSpeech.swift */,
				4EB3A9CB29E30E950002CBC7 /* WhisperBotViewController.swift */,
				4EB3A9D529E464D30002CBC7 /* WhisperBotWindowController.swift */,
				4EB3A9D729E47FE70002CBC7 /* WidgetWindow.swift */,
			);
			path = whisperBot;
			sourceTree = "<group>";
		};
		4E5D6D6B29E2E9E400AEAE2B /* whisperBotTests */ = {
			isa = PBXGroup;
			children = (
				4E5D6D6C29E2E9E400AEAE2B /* whisperBotTests.swift */,
			);
			path = whisperBotTests;
			sourceTree = "<group>";
		};
		4E5D6D7529E2E9E400AEAE2B /* whisperBotUITests */ = {
			isa = PBXGroup;
			children = (
				4E5D6D7629E2E9E400AEAE2B /* whisperBotUITests.swift */,
				4E5D6D7829E2E9E400AEAE2B /* whisperBotUITestsLaunchTests.swift */,
			);
			path = whisperBotUITests;
			sourceTree = "<group>";
		};
		4EB3A9CD29E320DB0002CBC7 /* Model */ = {
			isa = PBXGroup;
			children = (
				4EB3A9CE29E3212A0002CBC7 /* ChatCompletion.swift */,
			);
			path = Model;
			sourceTree = "<group>";
		};
		4EB3A9D029E321B60002CBC7 /* Utils */ = {
			isa = PBXGroup;
			children = (
				4EB3A9D129E321C90002CBC7 /* APIRequest.swift */,
				4EB3A9D329E321E10002CBC7 /* APIClient.swift */,
			);
			path = Utils;
			sourceTree = "<group>";
		};
		D0CD29EBF3A4134F380F57E2 /* Pods */ = {
			isa = PBXGroup;
			children = (
				771EBE7597898210617065FF /* Pods-whisperBot.debug.xcconfig */,
				9746F003A429CF3BF3DC3628 /* Pods-whisperBot.release.xcconfig */,
				339EACD290B9BA50AFF8AE73 /* Pods-whisperBot-whisperBotUITests.debug.xcconfig */,
				71A5A11D14564E6D74C511C8 /* Pods-whisperBot-whisperBotUITests.release.xcconfig */,
				2D7C2CE61BC0346AFEA576E7 /* Pods-whisperBotTests.debug.xcconfig */,
				D34DC70C291AD3F123B90693 /* Pods-whisperBotTests.release.xcconfig */,
			);
			path = Pods;
			sourceTree = "<group>";
		};
		D19B9AF31C9ED0B0B478EFFF /* Frameworks */ = {
			isa = PBXGroup;
			children = (
				C0315A384FCEC1DF39A8F01A /* Pods_whisperBot.framework */,
				61FA7E8F9661835B2462073B /* Pods_whisperBot_whisperBotUITests.framework */,
				01856B9409ACE987932CF390 /* Pods_whisperBotTests.framework */,
			);
			name = Frameworks;
			sourceTree = "<group>";
		};
/* End PBXGroup section */

/* Begin PBXNativeTarget section */
		4E5D6D5329E2E9E100AEAE2B /* whisperBot */ = {
			isa = PBXNativeTarget;
			buildConfigurationList = 4E5D6D7C29E2E9E400AEAE2B /* Build configuration list for PBXNativeTarget "whisperBot" */;
			buildPhases = (
				6B30E719DD59391C535369A0 /* [CP] Check Pods Manifest.lock */,
				4E5D6D5029E2E9E100AEAE2B /* Sources */,
				4E5D6D5129E2E9E100AEAE2B /* Frameworks */,
				4E5D6D5229E2E9E100AEAE2B /* Resources */,
				BF84E91D9734136177127154 /* [CP] Embed Pods Frameworks */,
			);
			buildRules = (
			);
			dependencies = (
			);
			name = whisperBot;
			productName = whisperBot;
			productReference = 4E5D6D5429E2E9E100AEAE2B /* whisperBot.app */;
			productType = "com.apple.product-type.application";
		};
		4E5D6D6729E2E9E400AEAE2B /* whisperBotTests */ = {
			isa = PBXNativeTarget;
			buildConfigurationList = 4E5D6D7F29E2E9E400AEAE2B /* Build configuration list for PBXNativeTarget "whisperBotTests" */;
			buildPhases = (
				5D037C25F85F005D084041E8 /* [CP] Check Pods Manifest.lock */,
				4E5D6D6429E2E9E400AEAE2B /* Sources */,
				4E5D6D6529E2E9E400AEAE2B /* Frameworks */,
				4E5D6D6629E2E9E400AEAE2B /* Resources */,
			);
			buildRules = (
			);
			dependencies = (
				4E5D6D6A29E2E9E400AEAE2B /* PBXTargetDependency */,
			);
			name = whisperBotTests;
			productName = whisperBotTests;
			productReference = 4E5D6D6829E2E9E400AEAE2B /* whisperBotTests.xctest */;
			productType = "com.apple.product-type.bundle.unit-test";
		};
		4E5D6D7129E2E9E400AEAE2B /* whisperBotUITests */ = {
			isa = PBXNativeTarget;
			buildConfigurationList = 4E5D6D8229E2E9E400AEAE2B /* Build configuration list for PBXNativeTarget "whisperBotUITests" */;
			buildPhases = (
				C95442671D2FB4D96769A073 /* [CP] Check Pods Manifest.lock */,
				4E5D6D6E29E2E9E400AEAE2B /* Sources */,
				4E5D6D6F29E2E9E400AEAE2B /* Frameworks */,
				4E5D6D7029E2E9E400AEAE2B /* Resources */,
				39C539838D409B517EE9D02A /* [CP] Embed Pods Frameworks */,
			);
			buildRules = (
			);
			dependencies = (
				4E5D6D7429E2E9E400AEAE2B /* PBXTargetDependency */,
			);
			name = whisperBotUITests;
			productName = whisperBotUITests;
			productReference = 4E5D6D7229E2E9E400AEAE2B /* whisperBotUITests.xctest */;
			productType = "com.apple.product-type.bundle.ui-testing";
		};
/* End PBXNativeTarget section */

/* Begin PBXProject section */
		4E5D6D4C29E2E9E100AEAE2B /* Project object */ = {
			isa = PBXProject;
			attributes = {
				BuildIndependentTargetsInParallel = 1;
				LastSwiftUpdateCheck = 1420;
				LastUpgradeCheck = 1420;
				TargetAttributes = {
					4E5D6D5329E2E9E100AEAE2B = {
						CreatedOnToolsVersion = 14.2;
					};
					4E5D6D6729E2E9E400AEAE2B = {
						CreatedOnToolsVersion = 14.2;
						TestTargetID = 4E5D6D5329E2E9E100AEAE2B;
					};
					4E5D6D7129E2E9E400AEAE2B = {
						CreatedOnToolsVersion = 14.2;
						TestTargetID = 4E5D6D5329E2E9E100AEAE2B;
					};
				};
			};
			buildConfigurationList = 4E5D6D4F29E2E9E100AEAE2B /* Build configuration list for PBXProject "whisperBot" */;
			compatibilityVersion = "Xcode 14.0";
			developmentRegion = en;
			hasScannedForEncodings = 0;
			knownRegions = (
				en,
				Base,
			);
			mainGroup = 4E5D6D4B29E2E9E100AEAE2B;
			productRefGroup = 4E5D6D5529E2E9E100AEAE2B /* Products */;
			projectDirPath = "";
			projectRoot = "";
			targets = (
				4E5D6D5329E2E9E100AEAE2B /* whisperBot */,
				4E5D6D6729E2E9E400AEAE2B /* whisperBotTests */,
				4E5D6D7129E2E9E400AEAE2B /* whisperBotUITests */,
			);
		};
/* End PBXProject section */

/* Begin PBXResourcesBuildPhase section */
		4E5D6D5229E2E9E100AEAE2B /* Resources */ = {
			isa = PBXResourcesBuildPhase;
			buildActionMask = 2147483647;
			files = (
				4E5D6D5F29E2E9E400AEAE2B /* Assets.xcassets in Resources */,
				4E5D6D6229E2E9E400AEAE2B /* Main.storyboard in Resources */,
			);
			runOnlyForDeploymentPostprocessing = 0;
		};
		4E5D6D6629E2E9E400AEAE2B /* Resources */ = {
			isa = PBXResourcesBuildPhase;
			buildActionMask = 2147483647;
			files = (
			);
			runOnlyForDeploymentPostprocessing = 0;
		};
		4E5D6D7029E2E9E400AEAE2B /* Resources */ = {
			isa = PBXResourcesBuildPhase;
			buildActionMask = 2147483647;
			files = (
			);
			runOnlyForDeploymentPostprocessing = 0;
		};
/* End PBXResourcesBuildPhase section */

/* Begin PBXShellScriptBuildPhase section */
		39C539838D409B517EE9D02A /* [CP] Embed Pods Frameworks */ = {
			isa = PBXShellScriptBuildPhase;
			buildActionMask = 2147483647;
			files = (
			);
			inputFileListPaths = (
				"${PODS_ROOT}/Target Support Files/Pods-whisperBot-whisperBotUITests/Pods-whisperBot-whisperBotUITests-frameworks-${CONFIGURATION}-input-files.xcfilelist",
			);
			name = "[CP] Embed Pods Frameworks";
			outputFileListPaths = (
				"${PODS_ROOT}/Target Support Files/Pods-whisperBot-whisperBotUITests/Pods-whisperBot-whisperBotUITests-frameworks-${CONFIGURATION}-output-files.xcfilelist",
			);
			runOnlyForDeploymentPostprocessing = 0;
			shellPath = /bin/sh;
			shellScript = "\"${PODS_ROOT}/Target Support Files/Pods-whisperBot-whisperBotUITests/Pods-whisperBot-whisperBotUITests-frameworks.sh\"\n";
			showEnvVarsInLog = 0;
		};
		5D037C25F85F005D084041E8 /* [CP] Check Pods Manifest.lock */ = {
			isa = PBXShellScriptBuildPhase;
			buildActionMask = 2147483647;
			files = (
			);
			inputFileListPaths = (
			);
			inputPaths = (
				"${PODS_PODFILE_DIR_PATH}/Podfile.lock",
				"${PODS_ROOT}/Manifest.lock",
			);
			name = "[CP] Check Pods Manifest.lock";
			outputFileListPaths = (
			);
			outputPaths = (
				"$(DERIVED_FILE_DIR)/Pods-whisperBotTests-checkManifestLockResult.txt",
			);
			runOnlyForDeploymentPostprocessing = 0;
			shellPath = /bin/sh;
			shellScript = "diff \"${PODS_PODFILE_DIR_PATH}/Podfile.lock\" \"${PODS_ROOT}/Manifest.lock\" > /dev/null\nif [ $? != 0 ] ; then\n    # print error to STDERR\n    echo \"error: The sandbox is not in sync with the Podfile.lock. Run 'pod install' or update your CocoaPods installation.\" >&2\n    exit 1\nfi\n# This output is used by Xcode 'outputs' to avoid re-running this script phase.\necho \"SUCCESS\" > \"${SCRIPT_OUTPUT_FILE_0}\"\n";
			showEnvVarsInLog = 0;
		};
		6B30E719DD59391C535369A0 /* [CP] Check Pods Manifest.lock */ = {
			isa = PBXShellScriptBuildPhase;
			buildActionMask = 2147483647;
			files = (
			);
			inputFileListPaths = (
			);
			inputPaths = (
				"${PODS_PODFILE_DIR_PATH}/Podfile.lock",
				"${PODS_ROOT}/Manifest.lock",
			);
			name = "[CP] Check Pods Manifest.lock";
			outputFileListPaths = (
			);
			outputPaths = (
				"$(DERIVED_FILE_DIR)/Pods-whisperBot-checkManifestLockResult.txt",
			);
			runOnlyForDeploymentPostprocessing = 0;
			shellPath = /bin/sh;
			shellScript = "diff \"${PODS_PODFILE_DIR_PATH}/Podfile.lock\" \"${PODS_ROOT}/Manifest.lock\" > /dev/null\nif [ $? != 0 ] ; then\n    # print error to STDERR\n    echo \"error: The sandbox is not in sync with the Podfile.lock. Run 'pod install' or update your CocoaPods installation.\" >&2\n    exit 1\nfi\n# This output is used by Xcode 'outputs' to avoid re-running this script phase.\necho \"SUCCESS\" > \"${SCRIPT_OUTPUT_FILE_0}\"\n";
			showEnvVarsInLog = 0;
		};
		BF84E91D9734136177127154 /* [CP] Embed Pods Frameworks */ = {
			isa = PBXShellScriptBuildPhase;
			buildActionMask = 2147483647;
			files = (
			);
			inputFileListPaths = (
				"${PODS_ROOT}/Target Support Files/Pods-whisperBot/Pods-whisperBot-frameworks-${CONFIGURATION}-input-files.xcfilelist",
			);
			name = "[CP] Embed Pods Frameworks";
			outputFileListPaths = (
				"${PODS_ROOT}/Target Support Files/Pods-whisperBot/Pods-whisperBot-frameworks-${CONFIGURATION}-output-files.xcfilelist",
			);
			runOnlyForDeploymentPostprocessing = 0;
			shellPath = /bin/sh;
			shellScript = "\"${PODS_ROOT}/Target Support Files/Pods-whisperBot/Pods-whisperBot-frameworks.sh\"\n";
			showEnvVarsInLog = 0;
		};
		C95442671D2FB4D96769A073 /* [CP] Check Pods Manifest.lock */ = {
			isa = PBXShellScriptBuildPhase;
			buildActionMask = 2147483647;
			files = (
			);
			inputFileListPaths = (
			);
			inputPaths = (
				"${PODS_PODFILE_DIR_PATH}/Podfile.lock",
				"${PODS_ROOT}/Manifest.lock",
			);
			name = "[CP] Check Pods Manifest.lock";
			outputFileListPaths = (
			);
			outputPaths = (
				"$(DERIVED_FILE_DIR)/Pods-whisperBot-whisperBotUITests-checkManifestLockResult.txt",
			);
			runOnlyForDeploymentPostprocessing = 0;
			shellPath = /bin/sh;
			shellScript = "diff \"${PODS_PODFILE_DIR_PATH}/Podfile.lock\" \"${PODS_ROOT}/Manifest.lock\" > /dev/null\nif [ $? != 0 ] ; then\n    # print error to STDERR\n    echo \"error: The sandbox is not in sync with the Podfile.lock. Run 'pod install' or update your CocoaPods installation.\" >&2\n    exit 1\nfi\n# This output is used by Xcode 'outputs' to avoid re-running this script phase.\necho \"SUCCESS\" > \"${SCRIPT_OUTPUT_FILE_0}\"\n";
			showEnvVarsInLog = 0;
		};
/* End PBXShellScriptBuildPhase section */

/* Begin PBXSourcesBuildPhase section */
		4E5D6D5029E2E9E100AEAE2B /* Sources */ = {
			isa = PBXSourcesBuildPhase;
			buildActionMask = 2147483647;
			files = (
				4EB3A9D629E464D30002CBC7 /* WhisperBotWindowController.swift in Sources */,
				4EB3A9CF29E3212A0002CBC7 /* ChatCompletion.swift in Sources */,
				4E5D6D8A29E2FBE300AEAE2B /* TextToSpeech.swift in Sources */,
				4EB3A9D429E321E10002CBC7 /* APIClient.swift in Sources */,
				4E5D6D5D29E2E9E100AEAE2B /* whisperBot.xcdatamodeld in Sources */,
				4E5D6D5829E2E9E100AEAE2B /* AppDelegate.swift in Sources */,
				4E5D6D8629E2FB6D00AEAE2B /* WhisperAPI.swift in Sources */,
				4E5D6D8829E2FBC800AEAE2B /* ChatGPTAPI.swift in Sources */,
				4EB3A9D229E321C90002CBC7 /* APIRequest.swift in Sources */,
				4EB3A9CC29E30E950002CBC7 /* WhisperBotViewController.swift in Sources */,
				4EB3A9D829E47FE70002CBC7 /* WidgetWindow.swift in Sources */,
			);
			runOnlyForDeploymentPostprocessing = 0;
		};
		4E5D6D6429E2E9E400AEAE2B /* Sources */ = {
			isa = PBXSourcesBuildPhase;
			buildActionMask = 2147483647;
			files = (
				4E5D6D6D29E2E9E400AEAE2B /* whisperBotTests.swift in Sources */,
			);
			runOnlyForDeploymentPostprocessing = 0;
		};
		4E5D6D6E29E2E9E400AEAE2B /* Sources */ = {
			isa = PBXSourcesBuildPhase;
			buildActionMask = 2147483647;
			files = (
				4E5D6D7729E2E9E400AEAE2B /* whisperBotUITests.swift in Sources */,
				4E5D6D7929E2E9E400AEAE2B /* whisperBotUITestsLaunchTests.swift in Sources */,
			);
			runOnlyForDeploymentPostprocessing = 0;
		};
/* End PBXSourcesBuildPhase section */

/* Begin PBXTargetDependency section */
		4E5D6D6A29E2E9E400AEAE2B /* PBXTargetDependency */ = {
			isa = PBXTargetDependency;
			target = 4E5D6D5329E2E9E100AEAE2B /* whisperBot */;
			targetProxy = 4E5D6D6929E2E9E400AEAE2B /* PBXContainerItemProxy */;
		};
		4E5D6D7429E2E9E400AEAE2B /* PBXTargetDependency */ = {
			isa = PBXTargetDependency;
			target = 4E5D6D5329E2E9E100AEAE2B /* whisperBot */;
			targetProxy = 4E5D6D7329E2E9E400AEAE2B /* PBXContainerItemProxy */;
		};
/* End PBXTargetDependency section */

/* Begin PBXVariantGroup section */
		4E5D6D6029E2E9E400AEAE2B /* Main.storyboard */ = {
			isa = PBXVariantGroup;
			children = (
				4E5D6D6129E2E9E400AEAE2B /* Base */,
			);
			name = Main.storyboard;
			sourceTree = "<group>";
		};
/* End PBXVariantGroup section */

/* Begin XCBuildConfiguration section */
		4E5D6D7A29E2E9E400AEAE2B /* Debug */ = {
			isa = XCBuildConfiguration;
			buildSettings = {
				ALWAYS_SEARCH_USER_PATHS = NO;
				CLANG_ANALYZER_NONNULL = YES;
				CLANG_ANALYZER_NUMBER_OBJECT_CONVERSION = YES_AGGRESSIVE;
				CLANG_CXX_LANGUAGE_STANDARD = "gnu++20";
				CLANG_ENABLE_MODULES = YES;
				CLANG_ENABLE_OBJC_ARC = YES;
				CLANG_ENABLE_OBJC_WEAK = YES;
				CLANG_WARN_BLOCK_CAPTURE_AUTORELEASING = YES;
				CLANG_WARN_BOOL_CONVERSION = YES;
				CLANG_WARN_COMMA = YES;
				CLANG_WARN_CONSTANT_CONVERSION = YES;
				CLANG_WARN_DEPRECATED_OBJC_IMPLEMENTATIONS = YES;
				CLANG_WARN_DIRECT_OBJC_ISA_USAGE = YES_ERROR;
				CLANG_WARN_DOCUMENTATION_COMMENTS = YES;
				CLANG_WARN_EMPTY_BODY = YES;
				CLANG_WARN_ENUM_CONVERSION = YES;
				CLANG_WARN_INFINITE_RECURSION = YES;
				CLANG_WARN_INT_CONVERSION = YES;
				CLANG_WARN_NON_LITERAL_NULL_CONVERSION = YES;
				CLANG_WARN_OBJC_IMPLICIT_RETAIN_SELF = YES;
				CLANG_WARN_OBJC_LITERAL_CONVERSION = YES;
				CLANG_WARN_OBJC_ROOT_CLASS = YES_ERROR;
				CLANG_WARN_QUOTED_INCLUDE_IN_FRAMEWORK_HEADER = YES;
				CLANG_WARN_RANGE_LOOP_ANALYSIS = YES;
				CLANG_WARN_STRICT_PROTOTYPES = YES;
				CLANG_WARN_SUSPICIOUS_MOVE = YES;
				CLANG_WARN_UNGUARDED_AVAILABILITY = YES_AGGRESSIVE;
				CLANG_WARN_UNREACHABLE_CODE = YES;
				CLANG_WARN__DUPLICATE_METHOD_MATCH = YES;
				COPY_PHASE_STRIP = NO;
				DEBUG_INFORMATION_FORMAT = dwarf;
				ENABLE_STRICT_OBJC_MSGSEND = YES;
				ENABLE_TESTABILITY = YES;
				GCC_C_LANGUAGE_STANDARD = gnu11;
				GCC_DYNAMIC_NO_PIC = NO;
				GCC_NO_COMMON_BLOCKS = YES;
				GCC_OPTIMIZATION_LEVEL = 0;
				GCC_PREPROCESSOR_DEFINITIONS = (
					"DEBUG=1",
					"$(inherited)",
				);
				GCC_WARN_64_TO_32_BIT_CONVERSION = YES;
				GCC_WARN_ABOUT_RETURN_TYPE = YES_ERROR;
				GCC_WARN_UNDECLARED_SELECTOR = YES;
				GCC_WARN_UNINITIALIZED_AUTOS = YES_AGGRESSIVE;
				GCC_WARN_UNUSED_FUNCTION = YES;
				GCC_WARN_UNUSED_VARIABLE = YES;
				MACOSX_DEPLOYMENT_TARGET = 12.4;
				MTL_ENABLE_DEBUG_INFO = INCLUDE_SOURCE;
				MTL_FAST_MATH = YES;
				ONLY_ACTIVE_ARCH = YES;
				SDKROOT = macosx;
				SWIFT_ACTIVE_COMPILATION_CONDITIONS = DEBUG;
				SWIFT_OPTIMIZATION_LEVEL = "-Onone";
			};
			name = Debug;
		};
		4E5D6D7B29E2E9E400AEAE2B /* Release */ = {
			isa = XCBuildConfiguration;
			buildSettings = {
				ALWAYS_SEARCH_USER_PATHS = NO;
				CLANG_ANALYZER_NONNULL = YES;
				CLANG_ANALYZER_NUMBER_OBJECT_CONVERSION = YES_AGGRESSIVE;
				CLANG_CXX_LANGUAGE_STANDARD = "gnu++20";
				CLANG_ENABLE_MODULES = YES;
				CLANG_ENABLE_OBJC_ARC = YES;
				CLANG_ENABLE_OBJC_WEAK = YES;
				CLANG_WARN_BLOCK_CAPTURE_AUTORELEASING = YES;
				CLANG_WARN_BOOL_CONVERSION = YES;
				CLANG_WARN_COMMA = YES;
				CLANG_WARN_CONSTANT_CONVERSION = YES;
				CLANG_WARN_DEPRECATED_OBJC_IMPLEMENTATIONS = YES;
				CLANG_WARN_DIRECT_OBJC_ISA_USAGE = YES_ERROR;
				CLANG_WARN_DOCUMENTATION_COMMENTS = YES;
				CLANG_WARN_EMPTY_BODY = YES;
				CLANG_WARN_ENUM_CONVERSION = YES;
				CLANG_WARN_INFINITE_RECURSION = YES;
				CLANG_WARN_INT_CONVERSION = YES;
				CLANG_WARN_NON_LITERAL_NULL_CONVERSION = YES;
				CLANG_WARN_OBJC_IMPLICIT_RETAIN_SELF = YES;
				CLANG_WARN_OBJC_LITERAL_CONVERSION = YES;
				CLANG_WARN_OBJC_ROOT_CLASS = YES_ERROR;
				CLANG_WARN_QUOTED_INCLUDE_IN_FRAMEWORK_HEADER = YES;
				CLANG_WARN_RANGE_LOOP_ANALYSIS = YES;
				CLANG_WARN_STRICT_PROTOTYPES = YES;
				CLANG_WARN_SUSPICIOUS_MOVE = YES;
				CLANG_WARN_UNGUARDED_AVAILABILITY = YES_AGGRESSIVE;
				CLANG_WARN_UNREACHABLE_CODE = YES;
				CLANG_WARN__DUPLICATE_METHOD_MATCH = YES;
				COPY_PHASE_STRIP = NO;
				DEBUG_INFORMATION_FORMAT = "dwarf-with-dsym";
				ENABLE_NS_ASSERTIONS = NO;
				ENABLE_STRICT_OBJC_MSGSEND = YES;
				GCC_C_LANGUAGE_STANDARD = gnu11;
				GCC_NO_COMMON_BLOCKS = YES;
				GCC_WARN_64_TO_32_BIT_CONVERSION = YES;
				GCC_WARN_ABOUT_RETURN_TYPE = YES_ERROR;
				GCC_WARN_UNDECLARED_SELECTOR = YES;
				GCC_WARN_UNINITIALIZED_AUTOS = YES_AGGRESSIVE;
				GCC_WARN_UNUSED_FUNCTION = YES;
				GCC_WARN_UNUSED_VARIABLE = YES;
				MACOSX_DEPLOYMENT_TARGET = 12.4;
				MTL_ENABLE_DEBUG_INFO = NO;
				MTL_FAST_MATH = YES;
				SDKROOT = macosx;
				SWIFT_COMPILATION_MODE = wholemodule;
				SWIFT_OPTIMIZATION_LEVEL = "-O";
			};
			name = Release;
		};
		4E5D6D7D29E2E9E400AEAE2B /* Debug */ = {
			isa = XCBuildConfiguration;
			baseConfigurationReference = 771EBE7597898210617065FF /* Pods-whisperBot.debug.xcconfig */;
			buildSettings = {
				ASSETCATALOG_COMPILER_APPICON_NAME = AppIcon;
				ASSETCATALOG_COMPILER_GLOBAL_ACCENT_COLOR_NAME = AccentColor;
				CODE_SIGN_ENTITLEMENTS = whisperBot/whisperBot.entitlements;
				CODE_SIGN_STYLE = Automatic;
				COMBINE_HIDPI_IMAGES = YES;
				CURRENT_PROJECT_VERSION = 1;
				DEVELOPMENT_TEAM = Q368YW7N4J;
				ENABLE_HARDENED_RUNTIME = YES;
				GENERATE_INFOPLIST_FILE = YES;
				INFOPLIST_KEY_NSHumanReadableCopyright = "";
				INFOPLIST_KEY_NSMainStoryboardFile = Main;
				INFOPLIST_KEY_NSPrincipalClass = NSApplication;
				LD_RUNPATH_SEARCH_PATHS = (
					"$(inherited)",
					"@executable_path/../Frameworks",
				);
				MARKETING_VERSION = 1.0;
				PRODUCT_BUNDLE_IDENTIFIER = com.bonyuta.whisperBot;
				PRODUCT_NAME = "$(TARGET_NAME)";
				SWIFT_EMIT_LOC_STRINGS = YES;
				SWIFT_VERSION = 5.0;
			};
			name = Debug;
		};
		4E5D6D7E29E2E9E400AEAE2B /* Release */ = {
			isa = XCBuildConfiguration;
			baseConfigurationReference = 9746F003A429CF3BF3DC3628 /* Pods-whisperBot.release.xcconfig */;
			buildSettings = {
				ASSETCATALOG_COMPILER_APPICON_NAME = AppIcon;
				ASSETCATALOG_COMPILER_GLOBAL_ACCENT_COLOR_NAME = AccentColor;
				CODE_SIGN_ENTITLEMENTS = whisperBot/whisperBot.entitlements;
				CODE_SIGN_STYLE = Automatic;
				COMBINE_HIDPI_IMAGES = YES;
				CURRENT_PROJECT_VERSION = 1;
				DEVELOPMENT_TEAM = Q368YW7N4J;
				ENABLE_HARDENED_RUNTIME = YES;
				GENERATE_INFOPLIST_FILE = YES;
				INFOPLIST_KEY_NSHumanReadableCopyright = "";
				INFOPLIST_KEY_NSMainStoryboardFile = Main;
				INFOPLIST_KEY_NSPrincipalClass = NSApplication;
				LD_RUNPATH_SEARCH_PATHS = (
					"$(inherited)",
					"@executable_path/../Frameworks",
				);
				MARKETING_VERSION = 1.0;
				PRODUCT_BUNDLE_IDENTIFIER = com.bonyuta.whisperBot;
				PRODUCT_NAME = "$(TARGET_NAME)";
				SWIFT_EMIT_LOC_STRINGS = YES;
				SWIFT_VERSION = 5.0;
			};
			name = Release;
		};
		4E5D6D8029E2E9E400AEAE2B /* Debug */ = {
			isa = XCBuildConfiguration;
			baseConfigurationReference = 2D7C2CE61BC0346AFEA576E7 /* Pods-whisperBotTests.debug.xcconfig */;
			buildSettings = {
				ALWAYS_EMBED_SWIFT_STANDARD_LIBRARIES = YES;
				BUNDLE_LOADER = "$(TEST_HOST)";
				CODE_SIGN_STYLE = Automatic;
				CURRENT_PROJECT_VERSION = 1;
				DEVELOPMENT_TEAM = Q368YW7N4J;
				GENERATE_INFOPLIST_FILE = YES;
				MACOSX_DEPLOYMENT_TARGET = 12.5;
				MARKETING_VERSION = 1.0;
				PRODUCT_BUNDLE_IDENTIFIER = com.bonyuta.whisperBotTests;
				PRODUCT_NAME = "$(TARGET_NAME)";
				SWIFT_EMIT_LOC_STRINGS = NO;
				SWIFT_VERSION = 5.0;
				TEST_HOST = "$(BUILT_PRODUCTS_DIR)/whisperBot.app/$(BUNDLE_EXECUTABLE_FOLDER_PATH)/whisperBot";
			};
			name = Debug;
		};
		4E5D6D8129E2E9E400AEAE2B /* Release */ = {
			isa = XCBuildConfiguration;
			baseConfigurationReference = D34DC70C291AD3F123B90693 /* Pods-whisperBotTests.release.xcconfig */;
			buildSettings = {
				ALWAYS_EMBED_SWIFT_STANDARD_LIBRARIES = YES;
				BUNDLE_LOADER = "$(TEST_HOST)";
				CODE_SIGN_STYLE = Automatic;
				CURRENT_PROJECT_VERSION = 1;
				DEVELOPMENT_TEAM = Q368YW7N4J;
				GENERATE_INFOPLIST_FILE = YES;
				MACOSX_DEPLOYMENT_TARGET = 12.5;
				MARKETING_VERSION = 1.0;
				PRODUCT_BUNDLE_IDENTIFIER = com.bonyuta.whisperBotTests;
				PRODUCT_NAME = "$(TARGET_NAME)";
				SWIFT_EMIT_LOC_STRINGS = NO;
				SWIFT_VERSION = 5.0;
				TEST_HOST = "$(BUILT_PRODUCTS_DIR)/whisperBot.app/$(BUNDLE_EXECUTABLE_FOLDER_PATH)/whisperBot";
			};
			name = Release;
		};
		4E5D6D8329E2E9E400AEAE2B /* Debug */ = {
			isa = XCBuildConfiguration;
			baseConfigurationReference = 339EACD290B9BA50AFF8AE73 /* Pods-whisperBot-whisperBotUITests.debug.xcconfig */;
			buildSettings = {
				ALWAYS_EMBED_SWIFT_STANDARD_LIBRARIES = YES;
				CODE_SIGN_STYLE = Automatic;
				CURRENT_PROJECT_VERSION = 1;
				DEVELOPMENT_TEAM = Q368YW7N4J;
				GENERATE_INFOPLIST_FILE = YES;
				MARKETING_VERSION = 1.0;
				PRODUCT_BUNDLE_IDENTIFIER = com.bonyuta.whisperBotUITests;
				PRODUCT_NAME = "$(TARGET_NAME)";
				SWIFT_EMIT_LOC_STRINGS = NO;
				SWIFT_VERSION = 5.0;
				TEST_TARGET_NAME = whisperBot;
			};
			name = Debug;
		};
		4E5D6D8429E2E9E400AEAE2B /* Release */ = {
			isa = XCBuildConfiguration;
			baseConfigurationReference = 71A5A11D14564E6D74C511C8 /* Pods-whisperBot-whisperBotUITests.release.xcconfig */;
			buildSettings = {
				ALWAYS_EMBED_SWIFT_STANDARD_LIBRARIES = YES;
				CODE_SIGN_STYLE = Automatic;
				CURRENT_PROJECT_VERSION = 1;
				DEVELOPMENT_TEAM = Q368YW7N4J;
				GENERATE_INFOPLIST_FILE = YES;
				MARKETING_VERSION = 1.0;
				PRODUCT_BUNDLE_IDENTIFIER = com.bonyuta.whisperBotUITests;
				PRODUCT_NAME = "$(TARGET_NAME)";
				SWIFT_EMIT_LOC_STRINGS = NO;
				SWIFT_VERSION = 5.0;
				TEST_TARGET_NAME = whisperBot;
			};
			name = Release;
		};
/* End XCBuildConfiguration section */

/* Begin XCConfigurationList section */
		4E5D6D4F29E2E9E100AEAE2B /* Build configuration list for PBXProject "whisperBot" */ = {
			isa = XCConfigurationList;
			buildConfigurations = (
				4E5D6D7A29E2E9E400AEAE2B /* Debug */,
				4E5D6D7B29E2E9E400AEAE2B /* Release */,
			);
			defaultConfigurationIsVisible = 0;
			defaultConfigurationName = Release;
		};
		4E5D6D7C29E2E9E400AEAE2B /* Build configuration list for PBXNativeTarget "whisperBot" */ = {
			isa = XCConfigurationList;
			buildConfigurations = (
				4E5D6D7D29E2E9E400AEAE2B /* Debug */,
				4E5D6D7E29E2E9E400AEAE2B /* Release */,
			);
			defaultConfigurationIsVisible = 0;
			defaultConfigurationName = Release;
		};
		4E5D6D7F29E2E9E400AEAE2B /* Build configuration list for PBXNativeTarget "whisperBotTests" */ = {
			isa = XCConfigurationList;
			buildConfigurations = (
				4E5D6D8029E2E9E400AEAE2B /* Debug */,
				4E5D6D8129E2E9E400AEAE2B /* Release */,
			);
			defaultConfigurationIsVisible = 0;
			defaultConfigurationName = Release;
		};
		4E5D6D8229E2E9E400AEAE2B /* Build configuration list for PBXNativeTarget "whisperBotUITests" */ = {
			isa = XCConfigurationList;
			buildConfigurations = (
				4E5D6D8329E2E9E400AEAE2B /* Debug */,
				4E5D6D8429E2E9E400AEAE2B /* Release */,
			);
			defaultConfigurationIsVisible = 0;
			defaultConfigurationName = Release;
		};
/* End XCConfigurationList section */

/* Begin XCVersionGroup section */
		4E5D6D5B29E2E9E100AEAE2B /* whisperBot.xcdatamodeld */ = {
			isa = XCVersionGroup;
			children = (
				4E5D6D5C29E2E9E100AEAE2B /* whisperBot.xcdatamodel */,
			);
			currentVersion = 4E5D6D5C29E2E9E100AEAE2B /* whisperBot.xcdatamodel */;
			path = whisperBot.xcdatamodeld;
			sourceTree = "<group>";
			versionGroupType = wrapper.xcdatamodel;
		};
/* End XCVersionGroup section */
	};
	rootObject = 4E5D6D4C29E2E9E100AEAE2B /* Project object */;
}
